
Microsoft Visual Studio Solution File, Format Version 12.00
# Visual Studio Version 16
VisualStudioVersion = 16.0.28803.202
MinimumVisualStudioVersion = 10.0.40219.1
Project("{FAE04EC0-301F-11D3-BF4B-00C04F79EFBC}") = "DockerFullFrameworkWebApp", "DockerFullFrameworkWebApp\DockerFullFrameworkWebApp.csproj", "{C3E209FC-EBA6-4DEC-8594-4B7573899B51}"
EndProject
Project("{FAE04EC0-301F-11D3-BF4B-00C04F79EFBC}") = "WebApplication1", "WebApplication1\WebApplication1.csproj", "{EF4752B7-DE39-4451-8FFB-7FA715761E90}"
EndProject
Global
	GlobalSection(SolutionConfigurationPlatforms) = preSolution
		Debug|Any CPU = Debug|Any CPU
		Release|Any CPU = Release|Any CPU
	EndGlobalSection
	GlobalSection(ProjectConfigurationPlatforms) = postSolution
		{C3E209FC-EBA6-4DEC-8594-4B7573899B51}.Debug|Any CPU.ActiveCfg = Debug|Any CPU
		{C3E209FC-EBA6-4DEC-8594-4B7573899B51}.Debug|Any CPU.Build.0 = Debug|Any CPU
		{C3E209FC-EBA6-4DEC-8594-4B7573899B51}.Release|Any CPU.ActiveCfg = Release|Any CPU
		{C3E209FC-EBA6-4DEC-8594-4B7573899B51}.Release|Any CPU.Build.0 = Release|Any CPU
		{EF4752B7-DE39-4451-8FFB-7FA715761E90}.Debug|Any CPU.ActiveCfg = Debug|Any CPU
		{EF4752B7-DE39-4451-8FFB-7FA715761E90}.Debug|Any CPU.Build.0 = Debug|Any CPU
		{EF4752B7-DE39-4451-8FFB-7FA715761E90}.Release|Any CPU.ActiveCfg = Release|Any CPU
		{EF4752B7-DE39-4451-8FFB-7FA715761E90}.Release|Any CPU.Build.0 = Release|Any CPU
	EndGlobalSection
	GlobalSection(SolutionProperties) = preSolution
		HideSolutionNode = FALSE
	EndGlobalSection
	GlobalSection(ExtensibilityGlobals) = postSolution
		SolutionGuid = {D4C016DB-5C27-4C32-AE78-254EE1C077FE}
	EndGlobalSection
EndGlobal
