
Microsoft Visual Studio Solution File, Format Version 12.00
# Visual Studio 15
VisualStudioVersion = 15.0.27428.2043
MinimumVisualStudioVersion = 10.0.40219.1
Project("{FAE04EC0-301F-11D3-BF4B-00C04F79EFBC}") = "Demo", "Demo\Demo.csproj", "{B2FA5D1F-8FC9-47FC-8BB2-40ABAD5C00AD}"
EndProject
Global
	GlobalSection(SolutionConfigurationPlatforms) = preSolution
		Debug|Any CPU = Debug|Any CPU
		Release|Any CPU = Release|Any CPU
	EndGlobalSection
	GlobalSection(ProjectConfigurationPlatforms) = postSolution
		{B2FA5D1F-8FC9-47FC-8BB2-40ABAD5C00AD}.Debug|Any CPU.ActiveCfg = Debug|Any CPU
		{B2FA5D1F-8FC9-47FC-8BB2-40ABAD5C00AD}.Debug|Any CPU.Build.0 = Debug|Any CPU
		{B2FA5D1F-8FC9-47FC-8BB2-40ABAD5C00AD}.Release|Any CPU.ActiveCfg = Release|Any CPU
		{B2FA5D1F-8FC9-47FC-8BB2-40ABAD5C00AD}.Release|Any CPU.Build.0 = Release|Any CPU
	EndGlobalSection
	GlobalSection(SolutionProperties) = preSolution
		HideSolutionNode = FALSE
	EndGlobalSection
	GlobalSection(ExtensibilityGlobals) = postSolution
		SolutionGuid = {677D88AA-1576-472B-BBFC-363B90B04BF6}
	EndGlobalSection
EndGlobal
