
Microsoft Visual Studio Solution File, Format Version 12.00
# Visual Studio 15
VisualStudioVersion = 15.0.28307.329
MinimumVisualStudioVersion = 10.0.40219.1
Project("{FAE04EC0-301F-11D3-BF4B-00C04F79EFBC}") = "JsonExamples", "JsonExamples\JsonExamples.csproj", "{D3A61145-9AE2-4588-870E-30559C1FD4C1}"
EndProject
Global
	GlobalSection(SolutionConfigurationPlatforms) = preSolution
		Debug|Any CPU = Debug|Any CPU
		Release|Any CPU = Release|Any CPU
	EndGlobalSection
	GlobalSection(ProjectConfigurationPlatforms) = postSolution
		{D3A61145-9AE2-4588-870E-30559C1FD4C1}.Debug|Any CPU.ActiveCfg = Debug|Any CPU
		{D3A61145-9AE2-4588-870E-30559C1FD4C1}.Debug|Any CPU.Build.0 = Debug|Any CPU
		{D3A61145-9AE2-4588-870E-30559C1FD4C1}.Release|Any CPU.ActiveCfg = Release|Any CPU
		{D3A61145-9AE2-4588-870E-30559C1FD4C1}.Release|Any CPU.Build.0 = Release|Any CPU
	EndGlobalSection
	GlobalSection(SolutionProperties) = preSolution
		HideSolutionNode = FALSE
	EndGlobalSection
	GlobalSection(ExtensibilityGlobals) = postSolution
		SolutionGuid = {F523422C-E3B8-4FC3-8F05-75FE1AA3D2A7}
	EndGlobalSection
EndGlobal
