
Microsoft Visual Studio Solution File, Format Version 12.00
# Visual Studio Version 16
VisualStudioVersion = 16.0.31410.357
MinimumVisualStudioVersion = 10.0.40219.1
Project("{FAE04EC0-301F-11D3-BF4B-00C04F79EFBC}") = "WriteLessTestCode", "WriteLessTestCode\WriteLessTestCode.csproj", "{AB323478-468A-406E-9DD1-8CDF9E6B8C2B}"
EndProject
Global
	GlobalSection(SolutionConfigurationPlatforms) = preSolution
		Debug|Any CPU = Debug|Any CPU
		Release|Any CPU = Release|Any CPU
	EndGlobalSection
	GlobalSection(ProjectConfigurationPlatforms) = postSolution
		{AB323478-468A-406E-9DD1-8CDF9E6B8C2B}.Debug|Any CPU.ActiveCfg = Debug|Any CPU
		{AB323478-468A-406E-9DD1-8CDF9E6B8C2B}.Debug|Any CPU.Build.0 = Debug|Any CPU
		{AB323478-468A-406E-9DD1-8CDF9E6B8C2B}.Release|Any CPU.ActiveCfg = Release|Any CPU
		{AB323478-468A-406E-9DD1-8CDF9E6B8C2B}.Release|Any CPU.Build.0 = Release|Any CPU
	EndGlobalSection
	GlobalSection(SolutionProperties) = preSolution
		HideSolutionNode = FALSE
	EndGlobalSection
	GlobalSection(ExtensibilityGlobals) = postSolution
		SolutionGuid = {5312EABA-A21F-4C40-951E-0D5EAC76913C}
	EndGlobalSection
EndGlobal
